{
  "requires": true,
  "lockfileVersion": 1,
  "dependencies": {
    "@angular/animations": {
      "version": "7.2.10",
      "resolved": "https://registry.npmjs.org/@angular/animations/-/animations-7.2.10.tgz",
      "integrity": "sha512-WgklBWYKy8LVlugMJ8XgBB4whNiMng8vY6mpaYhza064nsrQXK+ua1anSOGMGlmCI/5i4EgaycTS05XD/C+Kkw==",
      "requires": {
        "tslib": "^1.9.0"
      }
    },
    "@angular/cdk": {
      "version": "7.3.5",
      "resolved": "https://registry.npmjs.org/@angular/cdk/-/cdk-7.3.5.tgz",
      "integrity": "sha512-5m5HYm/D3/HveZdQQ4wtXk1Vm7bPiV+X5hPgegSHaoX6XONLIwSf821UqE+yYgjalILN44080+p3wHXtQT6Fkg==",
      "requires": {
        "parse5": "^5.0.0",
        "tslib": "^1.7.1"
      }
    },
    "@angular/material": {
      "version": "7.3.5",
      "resolved": "https://registry.npmjs.org/@angular/material/-/material-7.3.5.tgz",
      "integrity": "sha512-BkakYMuvicKIybp4LI1FKbC8a1jmmTo1ruNugy4PvQmjvj+kim7OMtAR/yCHycYq4cNQDq5LmnqLdclQEniqFw==",
      "requires": {
        "tslib": "^1.7.1"
      }
    },
    "hammerjs": {
      "version": "2.0.8",
      "resolved": "https://registry.npmjs.org/hammerjs/-/hammerjs-2.0.8.tgz",
      "integrity": "sha1-BO93hiz/K7edMPdpIJWTAiK/YPE="
    },
    "parse5": {
      "version": "5.1.0",
      "resolved": "https://registry.npmjs.org/parse5/-/parse5-5.1.0.tgz",
      "integrity": "sha512-fxNG2sQjHvlVAYmzBZS9YlDp6PTSSDwa98vkD4QgVDDCAo84z5X1t5XyJQ62ImdLXx5NdIIfihey6xpum9/gRQ=="
    },
    "tslib": {
      "version": "1.9.3",
      "resolved": "https://registry.npmjs.org/tslib/-/tslib-1.9.3.tgz",
      "integrity": "sha512-4krF8scpejhaOgqzBEcGM7yDIEfi0/8+8zDRZhNZZ2kjmHJ4hv3zCbQWxoJGz1iw5U0Jl0nma13xzHXcncMavQ=="
    }
  }
}
